
Microsoft Visual Studio Solution File, Format Version 12.00
# Visual Studio Version 16
VisualStudioVersion = 16.0.30320.27
MinimumVisualStudioVersion = 10.0.40219.1
Project("{8BC9CEB8-8B4A-11D0-8D11-00A0C91BC942}") = "cpp_study", "cpp_study\cpp_study.vcxproj", "{446971FF-19EF-42B8-8ECB-35C988BF3ECF}"
EndProject
Global
	GlobalSection(SolutionConfigurationPlatforms) = preSolution
		Debug|x64 = Debug|x64
		Debug|x86 = Debug|x86
		Release|x64 = Release|x64
		Release|x86 = Release|x86
	EndGlobalSection
	GlobalSection(ProjectConfigurationPlatforms) = postSolution
		{446971FF-19EF-42B8-8ECB-35C988BF3ECF}.Debug|x64.ActiveCfg = Debug|x64
		{446971FF-19EF-42B8-8ECB-35C988BF3ECF}.Debug|x64.Build.0 = Debug|x64
		{446971FF-19EF-42B8-8ECB-35C988BF3ECF}.Debug|x86.ActiveCfg = Debug|Win32
		{446971FF-19EF-42B8-8ECB-35C988BF3ECF}.Debug|x86.Build.0 = Debug|Win32
		{446971FF-19EF-42B8-8ECB-35C988BF3ECF}.Release|x64.ActiveCfg = Release|x64
		{446971FF-19EF-42B8-8ECB-35C988BF3ECF}.Release|x64.Build.0 = Release|x64
		{446971FF-19EF-42B8-8ECB-35C988BF3ECF}.Release|x86.ActiveCfg = Release|Win32
		{446971FF-19EF-42B8-8ECB-35C988BF3ECF}.Release|x86.Build.0 = Release|Win32
	EndGlobalSection
	GlobalSection(SolutionProperties) = preSolution
		HideSolutionNode = FALSE
	EndGlobalSection
	GlobalSection(ExtensibilityGlobals) = postSolution
		SolutionGuid = {BFA61EFD-6620-4F9D-AF3F-6A3F78D2E93C}
	EndGlobalSection
EndGlobal
